
Microsoft Visual Studio Solution File, Format Version 12.00
# Visual Studio Version 17
VisualStudioVersion = 17.10.35122.118
MinimumVisualStudioVersion = 10.0.40219.1
Project("{9A19103F-16F7-4668-BE54-9A1E7A4F7556}") = "eCartAPI", "eCartAPI\eCartAPI.csproj", "{29FF495C-0018-4FD9-8E67-BBEA4DE49AAD}"
EndProject
Project("{9A19103F-16F7-4668-BE54-9A1E7A4F7556}") = "BAL", "BAL\BAL.csproj", "{C5D1EC11-E1FE-49A4-8995-34B6332BDB07}"
EndProject
Global
	GlobalSection(SolutionConfigurationPlatforms) = preSolution
		Debug|Any CPU = Debug|Any CPU
		Release|Any CPU = Release|Any CPU
	EndGlobalSection
	GlobalSection(ProjectConfigurationPlatforms) = postSolution
		{29FF495C-0018-4FD9-8E67-BBEA4DE49AAD}.Debug|Any CPU.ActiveCfg = Debug|Any CPU
		{29FF495C-0018-4FD9-8E67-BBEA4DE49AAD}.Debug|Any CPU.Build.0 = Debug|Any CPU
		{29FF495C-0018-4FD9-8E67-BBEA4DE49AAD}.Release|Any CPU.ActiveCfg = Release|Any CPU
		{29FF495C-0018-4FD9-8E67-BBEA4DE49AAD}.Release|Any CPU.Build.0 = Release|Any CPU
		{C5D1EC11-E1FE-49A4-8995-34B6332BDB07}.Debug|Any CPU.ActiveCfg = Debug|Any CPU
		{C5D1EC11-E1FE-49A4-8995-34B6332BDB07}.Debug|Any CPU.Build.0 = Debug|Any CPU
		{C5D1EC11-E1FE-49A4-8995-34B6332BDB07}.Release|Any CPU.ActiveCfg = Release|Any CPU
		{C5D1EC11-E1FE-49A4-8995-34B6332BDB07}.Release|Any CPU.Build.0 = Release|Any CPU
	EndGlobalSection
	GlobalSection(SolutionProperties) = preSolution
		HideSolutionNode = FALSE
	EndGlobalSection
	GlobalSection(ExtensibilityGlobals) = postSolution
		SolutionGuid = {D1811781-5FE2-42EA-941B-93CC613F167E}
	EndGlobalSection
EndGlobal
